
Microsoft Visual Studio Solution File, Format Version 12.00
Project("{FAE04EC0-301F-11D3-BF4B-00C04F79EFBC}") = "tst-prj-3", "tst-prj-3\tst-prj-3.csproj", "{5285443A-5882-410B-87EA-9ACB54E9981A}"
EndProject
Global
	GlobalSection(SolutionConfigurationPlatforms) = preSolution
		Debug|Any CPU = Debug|Any CPU
		Release|Any CPU = Release|Any CPU
	EndGlobalSection
	GlobalSection(ProjectConfigurationPlatforms) = postSolution
		{5285443A-5882-410B-87EA-9ACB54E9981A}.Debug|Any CPU.ActiveCfg = Debug|Any CPU
		{5285443A-5882-410B-87EA-9ACB54E9981A}.Debug|Any CPU.Build.0 = Debug|Any CPU
		{5285443A-5882-410B-87EA-9ACB54E9981A}.Release|Any CPU.ActiveCfg = Release|Any CPU
		{5285443A-5882-410B-87EA-9ACB54E9981A}.Release|Any CPU.Build.0 = Release|Any CPU
	EndGlobalSection
EndGlobal
